
Microsoft Visual Studio Solution File, Format Version 12.00
# Visual Studio 15
VisualStudioVersion = 15.0.26730.8
MinimumVisualStudioVersion = 10.0.40219.1
Project("{888888A0-9F3D-457C-B088-3A5042F75D52}") = "ImageFinder", "ImageFinder\ImageFinder.pyproj", "{9C3DDD94-76BA-431C-8144-5F12C398AF20}"
EndProject
Global
	GlobalSection(SolutionConfigurationPlatforms) = preSolution
		Debug|Any CPU = Debug|Any CPU
		Release|Any CPU = Release|Any CPU
	EndGlobalSection
	GlobalSection(ProjectConfigurationPlatforms) = postSolution
		{9C3DDD94-76BA-431C-8144-5F12C398AF20}.Debug|Any CPU.ActiveCfg = Debug|Any CPU
		{9C3DDD94-76BA-431C-8144-5F12C398AF20}.Release|Any CPU.ActiveCfg = Release|Any CPU
	EndGlobalSection
	GlobalSection(SolutionProperties) = preSolution
		HideSolutionNode = FALSE
	EndGlobalSection
	GlobalSection(ExtensibilityGlobals) = postSolution
		SolutionGuid = {A7CEC23E-F157-4454-BB6A-AC16DC80A24D}
	EndGlobalSection
EndGlobal
