
Microsoft Visual Studio Solution File, Format Version 12.00
# Visual Studio 15
VisualStudioVersion = 15.0.26730.8
MinimumVisualStudioVersion = 10.0.40219.1
Project("{9A19103F-16F7-4668-BE54-9A1E7A4F7556}") = "SHA256", "SHA256\SHA256.csproj", "{F0C44850-FFD8-417B-9CD6-87359C168B54}"
EndProject
Global
	GlobalSection(SolutionConfigurationPlatforms) = preSolution
		Debug|Any CPU = Debug|Any CPU
		Release|Any CPU = Release|Any CPU
	EndGlobalSection
	GlobalSection(ProjectConfigurationPlatforms) = postSolution
		{F0C44850-FFD8-417B-9CD6-87359C168B54}.Debug|Any CPU.ActiveCfg = Debug|Any CPU
		{F0C44850-FFD8-417B-9CD6-87359C168B54}.Debug|Any CPU.Build.0 = Debug|Any CPU
		{F0C44850-FFD8-417B-9CD6-87359C168B54}.Release|Any CPU.ActiveCfg = Release|Any CPU
		{F0C44850-FFD8-417B-9CD6-87359C168B54}.Release|Any CPU.Build.0 = Release|Any CPU
	EndGlobalSection
	GlobalSection(SolutionProperties) = preSolution
		HideSolutionNode = FALSE
	EndGlobalSection
	GlobalSection(ExtensibilityGlobals) = postSolution
		SolutionGuid = {A516B85E-41DE-463E-BDBC-173C843E96C5}
	EndGlobalSection
EndGlobal
